
Microsoft Visual Studio Solution File, Format Version 11.00
# Visual Studio 2010
Project("{2150E333-8FDC-42A3-9474-1A3956D46DE8}") = "Library", "Library", "{3BFF4FB8-0867-437E-A9A7-BF6D89ECBB2B}"
EndProject
Project("{2150E333-8FDC-42A3-9474-1A3956D46DE8}") = "Module", "Module", "{1247EF9E-79ED-46AB-98DF-F16821C622C2}"
EndProject
Project("{FAE04EC0-301F-11D3-BF4B-00C04F79EFBC}") = "GB.Common", "GB.Common\GB.Common.csproj", "{0637401F-3FCD-4CA0-9112-E3A4651110E8}"
EndProject
Project("{FAE04EC0-301F-11D3-BF4B-00C04F79EFBC}") = "GB.News", "GB.News\GB.News.csproj", "{6F663772-27E2-4CDF-8646-EBA7E1BE4A0D}"
	ProjectSection(ProjectDependencies) = postProject
		{0637401F-3FCD-4CA0-9112-E3A4651110E8} = {0637401F-3FCD-4CA0-9112-E3A4651110E8}
	EndProjectSection
EndProject
Project("{FAE04EC0-301F-11D3-BF4B-00C04F79EFBC}") = "GB.Product", "GB.Product\GB.Product.csproj", "{7763851A-893A-40AB-AB86-1A6B45733DEE}"
	ProjectSection(ProjectDependencies) = postProject
		{0637401F-3FCD-4CA0-9112-E3A4651110E8} = {0637401F-3FCD-4CA0-9112-E3A4651110E8}
	EndProjectSection
EndProject
Project("{FAE04EC0-301F-11D3-BF4B-00C04F79EFBC}") = "GB.SlideShow", "GB.SlideShow\GB.SlideShow.csproj", "{A02C543B-651C-40BF-9007-9593B0125632}"
	ProjectSection(ProjectDependencies) = postProject
		{0637401F-3FCD-4CA0-9112-E3A4651110E8} = {0637401F-3FCD-4CA0-9112-E3A4651110E8}
	EndProjectSection
EndProject
Project("{FAE04EC0-301F-11D3-BF4B-00C04F79EFBC}") = "GB.UIListNews_", "GB.UIListNews\GB.UIListNews_.csproj", "{27C47EAE-F93A-4DFB-9BFA-394064612C33}"
	ProjectSection(ProjectDependencies) = postProject
		{0637401F-3FCD-4CA0-9112-E3A4651110E8} = {0637401F-3FCD-4CA0-9112-E3A4651110E8}
	EndProjectSection
EndProject
Project("{FAE04EC0-301F-11D3-BF4B-00C04F79EFBC}") = "GB.UICateNews_", "GB.UICateNews\GB.UICateNews_.csproj", "{88C38BB4-ED54-44BA-BFCA-A8FE55FD9D26}"
	ProjectSection(ProjectDependencies) = postProject
		{0637401F-3FCD-4CA0-9112-E3A4651110E8} = {0637401F-3FCD-4CA0-9112-E3A4651110E8}
	EndProjectSection
EndProject
Project("{FAE04EC0-301F-11D3-BF4B-00C04F79EFBC}") = "GB.UICateProduct_", "GB.UICateProduct\GB.UICateProduct_.csproj", "{215E7B5B-69D8-451E-ABAA-F088C000AF25}"
	ProjectSection(ProjectDependencies) = postProject
		{0637401F-3FCD-4CA0-9112-E3A4651110E8} = {0637401F-3FCD-4CA0-9112-E3A4651110E8}
	EndProjectSection
EndProject
Project("{FAE04EC0-301F-11D3-BF4B-00C04F79EFBC}") = "GB.UIListProducts_", "GB.UIListProducts\GB.UIListProducts_.csproj", "{FB9DC256-0A96-4E07-9DA4-27A356AC0BAE}"
	ProjectSection(ProjectDependencies) = postProject
		{0637401F-3FCD-4CA0-9112-E3A4651110E8} = {0637401F-3FCD-4CA0-9112-E3A4651110E8}
	EndProjectSection
EndProject
Project("{FAE04EC0-301F-11D3-BF4B-00C04F79EFBC}") = "GB.Album", "GB.Album\GB.Album.csproj", "{1BF847F6-EF1D-4C51-99E5-72E53097AEC5}"
	ProjectSection(ProjectDependencies) = postProject
		{0637401F-3FCD-4CA0-9112-E3A4651110E8} = {0637401F-3FCD-4CA0-9112-E3A4651110E8}
	EndProjectSection
EndProject
Global
	GlobalSection(SolutionConfigurationPlatforms) = preSolution
		Debug|Any CPU = Debug|Any CPU
		Release|Any CPU = Release|Any CPU
	EndGlobalSection
	GlobalSection(ProjectConfigurationPlatforms) = postSolution
		{0637401F-3FCD-4CA0-9112-E3A4651110E8}.Debug|Any CPU.ActiveCfg = Debug|Any CPU
		{0637401F-3FCD-4CA0-9112-E3A4651110E8}.Debug|Any CPU.Build.0 = Debug|Any CPU
		{0637401F-3FCD-4CA0-9112-E3A4651110E8}.Release|Any CPU.ActiveCfg = Release|Any CPU
		{0637401F-3FCD-4CA0-9112-E3A4651110E8}.Release|Any CPU.Build.0 = Release|Any CPU
		{6F663772-27E2-4CDF-8646-EBA7E1BE4A0D}.Debug|Any CPU.ActiveCfg = Debug|Any CPU
		{6F663772-27E2-4CDF-8646-EBA7E1BE4A0D}.Debug|Any CPU.Build.0 = Debug|Any CPU
		{6F663772-27E2-4CDF-8646-EBA7E1BE4A0D}.Release|Any CPU.ActiveCfg = Release|Any CPU
		{6F663772-27E2-4CDF-8646-EBA7E1BE4A0D}.Release|Any CPU.Build.0 = Release|Any CPU
		{7763851A-893A-40AB-AB86-1A6B45733DEE}.Debug|Any CPU.ActiveCfg = Debug|Any CPU
		{7763851A-893A-40AB-AB86-1A6B45733DEE}.Debug|Any CPU.Build.0 = Debug|Any CPU
		{7763851A-893A-40AB-AB86-1A6B45733DEE}.Release|Any CPU.ActiveCfg = Release|Any CPU
		{7763851A-893A-40AB-AB86-1A6B45733DEE}.Release|Any CPU.Build.0 = Release|Any CPU
		{A02C543B-651C-40BF-9007-9593B0125632}.Debug|Any CPU.ActiveCfg = Debug|Any CPU
		{A02C543B-651C-40BF-9007-9593B0125632}.Debug|Any CPU.Build.0 = Debug|Any CPU
		{A02C543B-651C-40BF-9007-9593B0125632}.Release|Any CPU.ActiveCfg = Release|Any CPU
		{A02C543B-651C-40BF-9007-9593B0125632}.Release|Any CPU.Build.0 = Release|Any CPU
		{27C47EAE-F93A-4DFB-9BFA-394064612C33}.Debug|Any CPU.ActiveCfg = Debug|Any CPU
		{27C47EAE-F93A-4DFB-9BFA-394064612C33}.Debug|Any CPU.Build.0 = Debug|Any CPU
		{27C47EAE-F93A-4DFB-9BFA-394064612C33}.Release|Any CPU.ActiveCfg = Release|Any CPU
		{27C47EAE-F93A-4DFB-9BFA-394064612C33}.Release|Any CPU.Build.0 = Release|Any CPU
		{88C38BB4-ED54-44BA-BFCA-A8FE55FD9D26}.Debug|Any CPU.ActiveCfg = Debug|Any CPU
		{88C38BB4-ED54-44BA-BFCA-A8FE55FD9D26}.Debug|Any CPU.Build.0 = Debug|Any CPU
		{88C38BB4-ED54-44BA-BFCA-A8FE55FD9D26}.Release|Any CPU.ActiveCfg = Release|Any CPU
		{88C38BB4-ED54-44BA-BFCA-A8FE55FD9D26}.Release|Any CPU.Build.0 = Release|Any CPU
		{215E7B5B-69D8-451E-ABAA-F088C000AF25}.Debug|Any CPU.ActiveCfg = Debug|Any CPU
		{215E7B5B-69D8-451E-ABAA-F088C000AF25}.Debug|Any CPU.Build.0 = Debug|Any CPU
		{215E7B5B-69D8-451E-ABAA-F088C000AF25}.Release|Any CPU.ActiveCfg = Release|Any CPU
		{215E7B5B-69D8-451E-ABAA-F088C000AF25}.Release|Any CPU.Build.0 = Release|Any CPU
		{FB9DC256-0A96-4E07-9DA4-27A356AC0BAE}.Debug|Any CPU.ActiveCfg = Debug|Any CPU
		{FB9DC256-0A96-4E07-9DA4-27A356AC0BAE}.Debug|Any CPU.Build.0 = Debug|Any CPU
		{FB9DC256-0A96-4E07-9DA4-27A356AC0BAE}.Release|Any CPU.ActiveCfg = Release|Any CPU
		{FB9DC256-0A96-4E07-9DA4-27A356AC0BAE}.Release|Any CPU.Build.0 = Release|Any CPU
		{1BF847F6-EF1D-4C51-99E5-72E53097AEC5}.Debug|Any CPU.ActiveCfg = Debug|Any CPU
		{1BF847F6-EF1D-4C51-99E5-72E53097AEC5}.Debug|Any CPU.Build.0 = Debug|Any CPU
		{1BF847F6-EF1D-4C51-99E5-72E53097AEC5}.Release|Any CPU.ActiveCfg = Release|Any CPU
		{1BF847F6-EF1D-4C51-99E5-72E53097AEC5}.Release|Any CPU.Build.0 = Release|Any CPU
	EndGlobalSection
	GlobalSection(SolutionProperties) = preSolution
		HideSolutionNode = FALSE
	EndGlobalSection
	GlobalSection(NestedProjects) = preSolution
		{0637401F-3FCD-4CA0-9112-E3A4651110E8} = {3BFF4FB8-0867-437E-A9A7-BF6D89ECBB2B}
		{6F663772-27E2-4CDF-8646-EBA7E1BE4A0D} = {1247EF9E-79ED-46AB-98DF-F16821C622C2}
		{7763851A-893A-40AB-AB86-1A6B45733DEE} = {1247EF9E-79ED-46AB-98DF-F16821C622C2}
		{A02C543B-651C-40BF-9007-9593B0125632} = {1247EF9E-79ED-46AB-98DF-F16821C622C2}
		{27C47EAE-F93A-4DFB-9BFA-394064612C33} = {1247EF9E-79ED-46AB-98DF-F16821C622C2}
		{88C38BB4-ED54-44BA-BFCA-A8FE55FD9D26} = {1247EF9E-79ED-46AB-98DF-F16821C622C2}
		{215E7B5B-69D8-451E-ABAA-F088C000AF25} = {1247EF9E-79ED-46AB-98DF-F16821C622C2}
		{FB9DC256-0A96-4E07-9DA4-27A356AC0BAE} = {1247EF9E-79ED-46AB-98DF-F16821C622C2}
		{1BF847F6-EF1D-4C51-99E5-72E53097AEC5} = {1247EF9E-79ED-46AB-98DF-F16821C622C2}
	EndGlobalSection
EndGlobal
